<?xml version="1.0" encoding="utf-8"?>
<Project ToolsVersion="4.0" xmlns="http://schemas.microsoft.com/developer/msbuild/2003">
  <ItemGroup>
    <Filter Include="源文件">
      <UniqueIdentifier>{4FC737F1-C7A5-4376-A066-2A32D752A2FF}</UniqueIdentifier>
      <Extensions>cpp;c;cc;cxx;c++;cppm;ixx;def;odl;idl;hpj;bat;asm;asmx</Extensions>
    </Filter>
    <Filter Include="头文件">
      <UniqueIdentifier>{93995380-89BD-4b04-88EB-625FBE52EBFB}</UniqueIdentifier>
      <Extensions>h;hh;hpp;hxx;h++;hm;inl;inc;ipp;xsd</Extensions>
    </Filter>
    <Filter Include="资源文件">
      <UniqueIdentifier>{67DA6AB6-F800-4c08-8B7A-83BB121AAD01}</UniqueIdentifier>
      <Extensions>rc;ico;cur;bmp;dlg;rc2;rct;bin;rgs;gif;jpg;jpeg;jpe;resx;tiff;tif;png;wav;mfcribbon-ms</Extensions>
    </Filter>
    <Filter Include="源文件\done">
      <UniqueIdentifier>{3a42274d-542d-4a3b-be5f-c07ea1ee5b9f}</UniqueIdentifier>
    </Filter>
    <Filter Include="源文件\meaningful">
      <UniqueIdentifier>{6215e98b-cd44-4a11-a72d-306df3693dd8}</UniqueIdentifier>
    </Filter>
  </ItemGroup>
  <ItemGroup>
    <ClCompile Include="0405toHex.cpp">
      <Filter>源文件\done</Filter>
    </ClCompile>
    <ClCompile Include="0001twoSum.cpp">
      <Filter>源文件\done</Filter>
    </ClCompile>
    <ClCompile Include="0002addTwoNumbers.cpp">
      <Filter>源文件\done</Filter>
    </ClCompile>
    <ClCompile Include="0003lengthOfLongestSubstring.cpp">
      <Filter>源文件\done</Filter>
    </ClCompile>
    <ClCompile Include="0011maxArea.cpp">
      <Filter>源文件\done</Filter>
    </ClCompile>
    <ClCompile Include="0217containsDuplicate.cpp">
      <Filter>源文件\done</Filter>
    </ClCompile>
    <ClCompile Include="0223computeArea.cpp">
      <Filter>源文件\done</Filter>
    </ClCompile>
    <ClCompile Include="0482licenseKeyFormatting.cpp">
      <Filter>源文件\done</Filter>
    </ClCompile>
    <ClCompile Include="0005longestPalindrome.cpp">
      <Filter>源文件\done</Filter>
    </ClCompile>
    <ClCompile Include="0187findRepeatedDnaSequences.cpp">
      <Filter>源文件\done</Filter>
    </ClCompile>
    <ClCompile Include="0014longestCommonPrefix.cpp">
      <Filter>源文件\done</Filter>
    </ClCompile>
    <ClCompile Include="1920buildArray.cpp">
      <Filter>源文件\done</Filter>
    </ClCompile>
    <ClCompile Include="0020isValid.cpp">
      <Filter>源文件\done</Filter>
    </ClCompile>
    <ClCompile Include="0021mergeTwoLists.cpp">
      <Filter>源文件\done</Filter>
    </ClCompile>
    <ClCompile Include="0007reverse.cpp">
      <Filter>源文件\done</Filter>
    </ClCompile>
    <ClCompile Include="0009isPalindrome.cpp">
      <Filter>源文件\done</Filter>
    </ClCompile>
    <ClCompile Include="0013romanToInt.cpp">
      <Filter>源文件\done</Filter>
    </ClCompile>
    <ClCompile Include="0326isPowerOfThree.cpp">
      <Filter>源文件\done</Filter>
    </ClCompile>
    <ClCompile Include="0414thirdMax.cpp">
      <Filter>源文件\done</Filter>
    </ClCompile>
    <ClCompile Include="0583minDistance.cpp">
      <Filter>源文件\done</Filter>
    </ClCompile>
    <ClCompile Include="0026removeDuplicates.cpp">
      <Filter>源文件\done</Filter>
    </ClCompile>
    <ClCompile Include="0352SummaryRanges.cpp">
      <Filter>源文件</Filter>
    </ClCompile>
    <ClCompile Include="0273numberToWords.cpp">
      <Filter>源文件\meaningful</Filter>
    </ClCompile>
    <ClCompile Include="0412fizzBuzz.cpp">
      <Filter>源文件\done</Filter>
    </ClCompile>
    <ClCompile Include="0027removeElement.cpp">
      <Filter>源文件\done</Filter>
    </ClCompile>
    <ClCompile Include="0028strStr.cpp">
      <Filter>源文件\meaningful</Filter>
    </ClCompile>
    <ClCompile Include="0069peakIndexInMountainArray.cpp">
      <Filter>源文件\done</Filter>
    </ClCompile>
  </ItemGroup>
  <ItemGroup>
    <ClInclude Include="Datastruct.h">
      <Filter>头文件</Filter>
    </ClInclude>
  </ItemGroup>
</Project>